
Microsoft Visual Studio Solution File, Format Version 12.00
# Visual Studio Version 17
VisualStudioVersion = 17.9.34714.143
MinimumVisualStudioVersion = 10.0.40219.1
Project("{8BC9CEB8-8B4A-11D0-8D11-00A0C91BC942}") = "Shapes", "Shapes\Shapes.vcxproj", "{AD1D9CC7-1C1D-4F77-A985-EEB3ED2A9CB1}"
EndProject
Global
	GlobalSection(SolutionConfigurationPlatforms) = preSolution
		Debug|x64 = Debug|x64
		Debug|x86 = Debug|x86
		Release|x64 = Release|x64
		Release|x86 = Release|x86
	EndGlobalSection
	GlobalSection(ProjectConfigurationPlatforms) = postSolution
		{AD1D9CC7-1C1D-4F77-A985-EEB3ED2A9CB1}.Debug|x64.ActiveCfg = Debug|x64
		{AD1D9CC7-1C1D-4F77-A985-EEB3ED2A9CB1}.Debug|x64.Build.0 = Debug|x64
		{AD1D9CC7-1C1D-4F77-A985-EEB3ED2A9CB1}.Debug|x86.ActiveCfg = Debug|Win32
		{AD1D9CC7-1C1D-4F77-A985-EEB3ED2A9CB1}.Debug|x86.Build.0 = Debug|Win32
		{AD1D9CC7-1C1D-4F77-A985-EEB3ED2A9CB1}.Release|x64.ActiveCfg = Release|x64
		{AD1D9CC7-1C1D-4F77-A985-EEB3ED2A9CB1}.Release|x64.Build.0 = Release|x64
		{AD1D9CC7-1C1D-4F77-A985-EEB3ED2A9CB1}.Release|x86.ActiveCfg = Release|Win32
		{AD1D9CC7-1C1D-4F77-A985-EEB3ED2A9CB1}.Release|x86.Build.0 = Release|Win32
	EndGlobalSection
	GlobalSection(SolutionProperties) = preSolution
		HideSolutionNode = FALSE
	EndGlobalSection
	GlobalSection(ExtensibilityGlobals) = postSolution
		SolutionGuid = {27C52E65-58BB-4E77-9411-00D441C5ECAF}
	EndGlobalSection
EndGlobal
